<?xml version="1.0" encoding="UTF-8"?>
<CONFIG>
  <ProjectOptions>
    <Version Value="9"/>
    <PathDelim Value="\"/>
    <General>
      <Flags>
        <MainUnitHasCreateFormStatements Value="False"/>
      </Flags>
      <SessionStorage Value="InProjectDir"/>
      <MainUnit Value="0"/>
      <Title Value="Sharp anal"/>
      <UseAppBundle Value="False"/>
      <ResourceType Value="res"/>
    </General>
    <i18n>
      <EnableI18N LFM="False"/>
    </i18n>
    <VersionInfo>
      <StringTable ProductVersion=""/>
    </VersionInfo>
    <BuildModes Count="1">
      <Item1 Name="Default" Default="True"/>
    </BuildModes>
    <PublishOptions>
      <Version Value="2"/>
    </PublishOptions>
    <RunParams>
      <local>
        <FormatVersion Value="1"/>
      </local>
    </RunParams>
    <RequiredPackages Count="1">
      <Item1>
        <PackageName Value="LCL"/>
      </Item1>
    </RequiredPackages>
    <Units Count="16">
      <Unit0>
        <Filename Value="sharpanal.lpr"/>
        <IsPartOfProject Value="True"/>
      </Unit0>
      <Unit1>
        <Filename Value="commands\initcommand.pas"/>
        <IsPartOfProject Value="True"/>
        <UnitName Value="InitCommand"/>
      </Unit1>
      <Unit2>
        <Filename Value="commands\linkcommand.pas"/>
        <IsPartOfProject Value="True"/>
        <UnitName Value="LinkCommand"/>
      </Unit2>
      <Unit3>
        <Filename Value="commands\configcommand.pas"/>
        <IsPartOfProject Value="True"/>
        <UnitName Value="ConfigCommand"/>
      </Unit3>
      <Unit4>
        <Filename Value="common\configuration.pas"/>
        <IsPartOfProject Value="True"/>
        <UnitName Value="Configuration"/>
      </Unit4>
      <Unit5>
        <Filename Value="commands\updatecommand.pas"/>
        <IsPartOfProject Value="True"/>
        <UnitName Value="UpdateCommand"/>
      </Unit5>
      <Unit6>
        <Filename Value="commands\abstractcommand.pas"/>
        <IsPartOfProject Value="True"/>
        <UnitName Value="AbstractCommand"/>
      </Unit6>
      <Unit7>
        <Filename Value="commands\helpcommand.pas"/>
        <IsPartOfProject Value="True"/>
        <UnitName Value="HelpCommand"/>
      </Unit7>
      <Unit8>
        <Filename Value="commands\commandsmanager.pas"/>
        <IsPartOfProject Value="True"/>
        <UnitName Value="CommandsManager"/>
      </Unit8>
      <Unit9>
        <Filename Value="analyze\csharp\solutionmodel.pas"/>
        <IsPartOfProject Value="True"/>
        <UnitName Value="SolutionModel"/>
      </Unit9>
      <Unit10>
        <Filename Value="analyze\csharp\projectmodel.pas"/>
        <IsPartOfProject Value="True"/>
        <UnitName Value="ProjectModel"/>
      </Unit10>
      <Unit11>
        <Filename Value="analyze\csharp\filemodel.pas"/>
        <IsPartOfProject Value="True"/>
        <UnitName Value="FileModel"/>
      </Unit11>
      <Unit12>
        <Filename Value="analyze\dbfindexedstorage.pas"/>
        <IsPartOfProject Value="True"/>
        <UnitName Value="DbfIndexedStorage"/>
      </Unit12>
      <Unit13>
        <Filename Value="commands\findcommand.pas"/>
        <IsPartOfProject Value="True"/>
        <UnitName Value="FindCommand"/>
      </Unit13>
      <Unit14>
        <Filename Value="common\filehelpers.pas"/>
        <IsPartOfProject Value="True"/>
        <UnitName Value="FileHelpers"/>
      </Unit14>
      <Unit15>
        <Filename Value="common\entities.pas"/>
        <IsPartOfProject Value="True"/>
        <UnitName Value="Entities"/>
      </Unit15>
    </Units>
  </ProjectOptions>
  <CompilerOptions>
    <Version Value="11"/>
    <PathDelim Value="\"/>
    <Target>
      <Filename Value="bin\shan"/>
    </Target>
    <SearchPaths>
      <IncludeFiles Value="$(ProjOutDir)"/>
      <OtherUnitFiles Value="commands;common;analyze\csharp;analyze"/>
      <UnitOutputDirectory Value="lib\$(TargetCPU)-$(TargetOS)"/>
    </SearchPaths>
  </CompilerOptions>
  <Debugging>
    <Exceptions Count="3">
      <Item1>
        <Name Value="EAbort"/>
      </Item1>
      <Item2>
        <Name Value="ECodetoolError"/>
      </Item2>
      <Item3>
        <Name Value="EFOpenError"/>
      </Item3>
    </Exceptions>
  </Debugging>
</CONFIG>
